
Microsoft Visual Studio Solution File, Format Version 12.00
# Visual Studio Version 17
VisualStudioVersion = 17.2.32630.192
MinimumVisualStudioVersion = 10.0.40219.1
Project("{FAE04EC0-301F-11D3-BF4B-00C04F79EFBC}") = "CoinDispenser", "CoinDispenser\CoinDispenser.csproj", "{0006D388-72E4-4D7E-9877-63FCCA92905D}"
EndProject
Global
	GlobalSection(SolutionConfigurationPlatforms) = preSolution
		Debug|Any CPU = Debug|Any CPU
		Release|Any CPU = Release|Any CPU
	EndGlobalSection
	GlobalSection(ProjectConfigurationPlatforms) = postSolution
		{0006D388-72E4-4D7E-9877-63FCCA92905D}.Debug|Any CPU.ActiveCfg = Debug|Any CPU
		{0006D388-72E4-4D7E-9877-63FCCA92905D}.Debug|Any CPU.Build.0 = Debug|Any CPU
		{0006D388-72E4-4D7E-9877-63FCCA92905D}.Release|Any CPU.ActiveCfg = Release|Any CPU
		{0006D388-72E4-4D7E-9877-63FCCA92905D}.Release|Any CPU.Build.0 = Release|Any CPU
	EndGlobalSection
	GlobalSection(SolutionProperties) = preSolution
		HideSolutionNode = FALSE
	EndGlobalSection
	GlobalSection(ExtensibilityGlobals) = postSolution
		SolutionGuid = {86BEDD76-AC9F-4A50-B4DD-28D0AE1F76F1}
	EndGlobalSection
EndGlobal
